
Microsoft Visual Studio Solution File, Format Version 12.00
# Visual Studio Version 16
VisualStudioVersion = 16.0.31829.152
MinimumVisualStudioVersion = 10.0.40219.1
Project("{FAE04EC0-301F-11D3-BF4B-00C04F79EFBC}") = "LAB_5", "LAB_5\LAB_5.csproj", "{C7DF642C-DBA0-4EF1-A3B9-53FA657D351B}"
EndProject
Global
	GlobalSection(SolutionConfigurationPlatforms) = preSolution
		Debug|Any CPU = Debug|Any CPU
		Release|Any CPU = Release|Any CPU
	EndGlobalSection
	GlobalSection(ProjectConfigurationPlatforms) = postSolution
		{C7DF642C-DBA0-4EF1-A3B9-53FA657D351B}.Debug|Any CPU.ActiveCfg = Debug|Any CPU
		{C7DF642C-DBA0-4EF1-A3B9-53FA657D351B}.Debug|Any CPU.Build.0 = Debug|Any CPU
		{C7DF642C-DBA0-4EF1-A3B9-53FA657D351B}.Release|Any CPU.ActiveCfg = Release|Any CPU
		{C7DF642C-DBA0-4EF1-A3B9-53FA657D351B}.Release|Any CPU.Build.0 = Release|Any CPU
	EndGlobalSection
	GlobalSection(SolutionProperties) = preSolution
		HideSolutionNode = FALSE
	EndGlobalSection
	GlobalSection(ExtensibilityGlobals) = postSolution
		SolutionGuid = {394E276E-E871-49EF-9050-B9EB4EF089B7}
	EndGlobalSection
EndGlobal
